
Microsoft Visual Studio Solution File, Format Version 12.00
Project("{FAE04EC0-301F-11D3-BF4B-00C04F79EFBC}") = "RabbitMQ", "RabbitMQ\RabbitMQ.csproj", "{13C991BB-DE8A-46AE-8DF7-760BA576E0BE}"
EndProject
Project("{FAE04EC0-301F-11D3-BF4B-00C04F79EFBC}") = "Consumer", "Consumer\Consumer.csproj", "{0CE43D76-3D87-4F38-AA7E-F647A4E402B5}"
EndProject
Project("{FAE04EC0-301F-11D3-BF4B-00C04F79EFBC}") = "Producer", "Producer\Producer.csproj", "{B53ADD16-362C-499B-ADD6-04F7A78EDB08}"
EndProject
Project("{FAE04EC0-301F-11D3-BF4B-00C04F79EFBC}") = "Setup", "Setup\Setup.csproj", "{3C523E39-B0F0-47E5-96F8-2D7E569526C8}"
EndProject
Global
	GlobalSection(SolutionConfigurationPlatforms) = preSolution
		Debug|Any CPU = Debug|Any CPU
		Release|Any CPU = Release|Any CPU
	EndGlobalSection
	GlobalSection(ProjectConfigurationPlatforms) = postSolution
		{13C991BB-DE8A-46AE-8DF7-760BA576E0BE}.Debug|Any CPU.ActiveCfg = Debug|Any CPU
		{13C991BB-DE8A-46AE-8DF7-760BA576E0BE}.Debug|Any CPU.Build.0 = Debug|Any CPU
		{13C991BB-DE8A-46AE-8DF7-760BA576E0BE}.Release|Any CPU.ActiveCfg = Release|Any CPU
		{13C991BB-DE8A-46AE-8DF7-760BA576E0BE}.Release|Any CPU.Build.0 = Release|Any CPU
		{0CE43D76-3D87-4F38-AA7E-F647A4E402B5}.Debug|Any CPU.ActiveCfg = Debug|Any CPU
		{0CE43D76-3D87-4F38-AA7E-F647A4E402B5}.Debug|Any CPU.Build.0 = Debug|Any CPU
		{0CE43D76-3D87-4F38-AA7E-F647A4E402B5}.Release|Any CPU.ActiveCfg = Release|Any CPU
		{0CE43D76-3D87-4F38-AA7E-F647A4E402B5}.Release|Any CPU.Build.0 = Release|Any CPU
		{B53ADD16-362C-499B-ADD6-04F7A78EDB08}.Debug|Any CPU.ActiveCfg = Debug|Any CPU
		{B53ADD16-362C-499B-ADD6-04F7A78EDB08}.Debug|Any CPU.Build.0 = Debug|Any CPU
		{B53ADD16-362C-499B-ADD6-04F7A78EDB08}.Release|Any CPU.ActiveCfg = Release|Any CPU
		{B53ADD16-362C-499B-ADD6-04F7A78EDB08}.Release|Any CPU.Build.0 = Release|Any CPU
		{3C523E39-B0F0-47E5-96F8-2D7E569526C8}.Debug|Any CPU.ActiveCfg = Debug|Any CPU
		{3C523E39-B0F0-47E5-96F8-2D7E569526C8}.Debug|Any CPU.Build.0 = Debug|Any CPU
		{3C523E39-B0F0-47E5-96F8-2D7E569526C8}.Release|Any CPU.ActiveCfg = Release|Any CPU
		{3C523E39-B0F0-47E5-96F8-2D7E569526C8}.Release|Any CPU.Build.0 = Release|Any CPU
	EndGlobalSection
EndGlobal
